
Microsoft Visual Studio Solution File, Format Version 12.00
# Visual Studio Version 17
VisualStudioVersion = 17.3.32901.215
MinimumVisualStudioVersion = 10.0.40219.1
Project("{9A19103F-16F7-4668-BE54-9A1E7A4F7556}") = "BankGraphQL", "BankGraphQL\BankGraphQL.csproj", "{CD3FF616-984B-450C-9453-31C650D14687}"
EndProject
Project("{FAE04EC0-301F-11D3-BF4B-00C04F79EFBC}") = "Tests", "Tests\Tests.csproj", "{7B60DF6D-4846-4983-B664-E0552B240155}"
EndProject
Global
	GlobalSection(SolutionConfigurationPlatforms) = preSolution
		Debug|Any CPU = Debug|Any CPU
		Release|Any CPU = Release|Any CPU
	EndGlobalSection
	GlobalSection(ProjectConfigurationPlatforms) = postSolution
		{CD3FF616-984B-450C-9453-31C650D14687}.Debug|Any CPU.ActiveCfg = Debug|Any CPU
		{CD3FF616-984B-450C-9453-31C650D14687}.Debug|Any CPU.Build.0 = Debug|Any CPU
		{CD3FF616-984B-450C-9453-31C650D14687}.Release|Any CPU.ActiveCfg = Release|Any CPU
		{CD3FF616-984B-450C-9453-31C650D14687}.Release|Any CPU.Build.0 = Release|Any CPU
		{7B60DF6D-4846-4983-B664-E0552B240155}.Debug|Any CPU.ActiveCfg = Debug|Any CPU
		{7B60DF6D-4846-4983-B664-E0552B240155}.Debug|Any CPU.Build.0 = Debug|Any CPU
		{7B60DF6D-4846-4983-B664-E0552B240155}.Release|Any CPU.ActiveCfg = Release|Any CPU
		{7B60DF6D-4846-4983-B664-E0552B240155}.Release|Any CPU.Build.0 = Release|Any CPU
	EndGlobalSection
	GlobalSection(SolutionProperties) = preSolution
		HideSolutionNode = FALSE
	EndGlobalSection
	GlobalSection(ExtensibilityGlobals) = postSolution
		SolutionGuid = {4DB5084D-4C9F-46F7-96BB-DA926EEBDA29}
	EndGlobalSection
EndGlobal
